Microsoft Visual Studio Solution File, Format Version 12.00
# Visual Studio Version 17
VisualStudioVersion = 17.5.2.0
MinimumVisualStudioVersion = 10.0.40219.1
Project("{FAE04EC0-301F-11D3-BF4B-00C04F79EFBC}") = "Part3A", "Part3A.csproj", "{B8386648-4655-1167-C57A-1D6FCD7EB356}"
EndProject
Global
	GlobalSection(SolutionConfigurationPlatforms) = preSolution
		Debug|Any CPU = Debug|Any CPU
		Release|Any CPU = Release|Any CPU
	EndGlobalSection
	GlobalSection(ProjectConfigurationPlatforms) = postSolution
		{B8386648-4655-1167-C57A-1D6FCD7EB356}.Debug|Any CPU.ActiveCfg = Debug|Any CPU
		{B8386648-4655-1167-C57A-1D6FCD7EB356}.Debug|Any CPU.Build.0 = Debug|Any CPU
		{B8386648-4655-1167-C57A-1D6FCD7EB356}.Release|Any CPU.ActiveCfg = Release|Any CPU
		{B8386648-4655-1167-C57A-1D6FCD7EB356}.Release|Any CPU.Build.0 = Release|Any CPU
	EndGlobalSection
	GlobalSection(SolutionProperties) = preSolution
		HideSolutionNode = FALSE
	EndGlobalSection
	GlobalSection(ExtensibilityGlobals) = postSolution
		SolutionGuid = {8F724D74-6FEF-4284-9724-29F3E1B24AB5}
	EndGlobalSection
EndGlobal
