
Microsoft Visual Studio Solution File, Format Version 12.00
# Visual Studio Version 17
VisualStudioVersion = 17.5.2.0
MinimumVisualStudioVersion = 10.0.40219.1
Project("{FAE04EC0-301F-11D3-BF4B-00C04F79EFBC}") = "S14con", "S14con\S14con.csproj", "{EA4461B0-E1D5-EFE0-0CB7-D4FCCD252E97}"
EndProject
Project("{FAE04EC0-301F-11D3-BF4B-00C04F79EFBC}") = "S14con.Test", "S14con.Test\S14con.Test.csproj", "{BFE978BE-C657-A9D2-4E08-5398630E7873}"
EndProject
Global
	GlobalSection(SolutionConfigurationPlatforms) = preSolution
		Debug|Any CPU = Debug|Any CPU
		Debug|x64 = Debug|x64
		Debug|x86 = Debug|x86
		Release|Any CPU = Release|Any CPU
		Release|x64 = Release|x64
		Release|x86 = Release|x86
	EndGlobalSection
	GlobalSection(ProjectConfigurationPlatforms) = postSolution
		{EA4461B0-E1D5-EFE0-0CB7-D4FCCD252E97}.Debug|Any CPU.ActiveCfg = Debug|Any CPU
		{EA4461B0-E1D5-EFE0-0CB7-D4FCCD252E97}.Debug|Any CPU.Build.0 = Debug|Any CPU
		{EA4461B0-E1D5-EFE0-0CB7-D4FCCD252E97}.Debug|x64.ActiveCfg = Debug|Any CPU
		{EA4461B0-E1D5-EFE0-0CB7-D4FCCD252E97}.Debug|x64.Build.0 = Debug|Any CPU
		{EA4461B0-E1D5-EFE0-0CB7-D4FCCD252E97}.Debug|x86.ActiveCfg = Debug|Any CPU
		{EA4461B0-E1D5-EFE0-0CB7-D4FCCD252E97}.Debug|x86.Build.0 = Debug|Any CPU
		{EA4461B0-E1D5-EFE0-0CB7-D4FCCD252E97}.Release|Any CPU.ActiveCfg = Release|Any CPU
		{EA4461B0-E1D5-EFE0-0CB7-D4FCCD252E97}.Release|Any CPU.Build.0 = Release|Any CPU
		{EA4461B0-E1D5-EFE0-0CB7-D4FCCD252E97}.Release|x64.ActiveCfg = Release|Any CPU
		{EA4461B0-E1D5-EFE0-0CB7-D4FCCD252E97}.Release|x64.Build.0 = Release|Any CPU
		{EA4461B0-E1D5-EFE0-0CB7-D4FCCD252E97}.Release|x86.ActiveCfg = Release|Any CPU
		{EA4461B0-E1D5-EFE0-0CB7-D4FCCD252E97}.Release|x86.Build.0 = Release|Any CPU
		{BFE978BE-C657-A9D2-4E08-5398630E7873}.Debug|Any CPU.ActiveCfg = Debug|Any CPU
		{BFE978BE-C657-A9D2-4E08-5398630E7873}.Debug|Any CPU.Build.0 = Debug|Any CPU
		{BFE978BE-C657-A9D2-4E08-5398630E7873}.Debug|x64.ActiveCfg = Debug|Any CPU
		{BFE978BE-C657-A9D2-4E08-5398630E7873}.Debug|x64.Build.0 = Debug|Any CPU
		{BFE978BE-C657-A9D2-4E08-5398630E7873}.Debug|x86.ActiveCfg = Debug|Any CPU
		{BFE978BE-C657-A9D2-4E08-5398630E7873}.Debug|x86.Build.0 = Debug|Any CPU
		{BFE978BE-C657-A9D2-4E08-5398630E7873}.Release|Any CPU.ActiveCfg = Release|Any CPU
		{BFE978BE-C657-A9D2-4E08-5398630E7873}.Release|Any CPU.Build.0 = Release|Any CPU
		{BFE978BE-C657-A9D2-4E08-5398630E7873}.Release|x64.ActiveCfg = Release|Any CPU
		{BFE978BE-C657-A9D2-4E08-5398630E7873}.Release|x64.Build.0 = Release|Any CPU
		{BFE978BE-C657-A9D2-4E08-5398630E7873}.Release|x86.ActiveCfg = Release|Any CPU
		{BFE978BE-C657-A9D2-4E08-5398630E7873}.Release|x86.Build.0 = Release|Any CPU
	EndGlobalSection
	GlobalSection(SolutionProperties) = preSolution
		HideSolutionNode = FALSE
	EndGlobalSection
	GlobalSection(ExtensibilityGlobals) = postSolution
		SolutionGuid = {83F0EF6E-7297-4B2A-AD80-102AADAF1711}
	EndGlobalSection
EndGlobal
